// !$*UTF8*$!
{
	archiveVersion = 1;
	classes = {
	};
	objectVersion = 50;
	objects = {

/* Begin PBXBuildFile section */
		1742A22B2ABDBE3E00E2DA07 /* NewsfeedPresenter.swift in Sources */ = {isa = PBXBuildFile; fileRef = 1742A2252ABDBE3E00E2DA07 /* NewsfeedPresenter.swift */; };
		1742A22C2ABDBE3E00E2DA07 /* NewsfeedWorker.swift in Sources */ = {isa = PBXBuildFile; fileRef = 1742A2262ABDBE3E00E2DA07 /* NewsfeedWorker.swift */; };
		1742A22D2ABDBE3E00E2DA07 /* NewsfeedRouter.swift in Sources */ = {isa = PBXBuildFile; fileRef = 1742A2272ABDBE3E00E2DA07 /* NewsfeedRouter.swift */; };
		1742A22E2ABDBE3E00E2DA07 /* NewsfeedModels.swift in Sources */ = {isa = PBXBuildFile; fileRef = 1742A2282ABDBE3E00E2DA07 /* NewsfeedModels.swift */; };
		1742A22F2ABDBE3E00E2DA07 /* NewsfeedViewController.swift in Sources */ = {isa = PBXBuildFile; fileRef = 1742A2292ABDBE3E00E2DA07 /* NewsfeedViewController.swift */; };
		1742A2302ABDBE3E00E2DA07 /* NewsfeedInteractor.swift in Sources */ = {isa = PBXBuildFile; fileRef = 1742A22A2ABDBE3E00E2DA07 /* NewsfeedInteractor.swift */; };
		1742A23F2ABDC88700E2DA07 /* NewsfeedViewController.storyboard in Resources */ = {isa = PBXBuildFile; fileRef = 1742A23E2ABDC88700E2DA07 /* NewsfeedViewController.storyboard */; };
		1742A2422ABDD34600E2DA07 /* NewsfeedCell.swift in Sources */ = {isa = PBXBuildFile; fileRef = 1742A2412ABDD34600E2DA07 /* NewsfeedCell.swift */; };
		1742A2442ABDD41A00E2DA07 /* NewsfeedCell.xib in Resources */ = {isa = PBXBuildFile; fileRef = 1742A2432ABDD41A00E2DA07 /* NewsfeedCell.xib */; };
		177368A32ABC96E5008F85EB /* NetworkDataFetcher.swift in Sources */ = {isa = PBXBuildFile; fileRef = 177368A02ABC96E5008F85EB /* NetworkDataFetcher.swift */; };
		177368A42ABC96E5008F85EB /* NetworkService.swift in Sources */ = {isa = PBXBuildFile; fileRef = 177368A12ABC96E5008F85EB /* NetworkService.swift */; };
		177368A72ABC9738008F85EB /* API.swift in Sources */ = {isa = PBXBuildFile; fileRef = 177368A62ABC9738008F85EB /* API.swift */; };
		177368AE2ABC97FF008F85EB /* FeedResponse.swift in Sources */ = {isa = PBXBuildFile; fileRef = 177368AD2ABC97FF008F85EB /* FeedResponse.swift */; };
		1781699E2AC4577800169757 /* NewsfeedCodeCell.swift in Sources */ = {isa = PBXBuildFile; fileRef = 1781699D2AC4577700169757 /* NewsfeedCodeCell.swift */; };
		178169A02AC45FD100169757 /* Constraints.swift in Sources */ = {isa = PBXBuildFile; fileRef = 1781699F2AC45FD100169757 /* Constraints.swift */; };
		178169A22AC47B9000169757 /* Constants.swift in Sources */ = {isa = PBXBuildFile; fileRef = 178169A12AC47B9000169757 /* Constants.swift */; };
		178169A82AC47E3E00169757 /* SF-Pro-Text-Regular.otf in Resources */ = {isa = PBXBuildFile; fileRef = 178169A72AC47E3E00169757 /* SF-Pro-Text-Regular.otf */; };
		178169AA2AC47E4A00169757 /* SF-Pro-Text-Medium.otf in Resources */ = {isa = PBXBuildFile; fileRef = 178169A92AC47E4A00169757 /* SF-Pro-Text-Medium.otf */; };
		17A3FEA12ABE23C6005F0DB9 /* WebImageView.swift in Sources */ = {isa = PBXBuildFile; fileRef = 17A3FEA02ABE23C6005F0DB9 /* WebImageView.swift */; };
		17A3FEA32ABF2BEB005F0DB9 /* NewsfeedCellLayoutCalculator.swift in Sources */ = {isa = PBXBuildFile; fileRef = 17A3FEA22ABF2BEB005F0DB9 /* NewsfeedCellLayoutCalculator.swift */; };
		17A3FEA52ABF38C7005F0DB9 /* String + Height.swift in Sources */ = {isa = PBXBuildFile; fileRef = 17A3FEA42ABF38C7005F0DB9 /* String + Height.swift */; };
		B01E9D0A25028B3B00E6F595 /* VKSdkFramework.framework in Frameworks */ = {isa = PBXBuildFile; fileRef = B01E9D0925028B3B00E6F595 /* VKSdkFramework.framework */; };
		B01E9D0B25028B3B00E6F595 /* VKSdkFramework.framework in Embed Frameworks */ = {isa = PBXBuildFile; fileRef = B01E9D0925028B3B00E6F595 /* VKSdkFramework.framework */; settings = {ATTRIBUTES = (CodeSignOnCopy, RemoveHeadersOnCopy, ); }; };
		B01E9D0E25028DCE00E6F595 /* AuthService.swift in Sources */ = {isa = PBXBuildFile; fileRef = B01E9D0D25028DCE00E6F595 /* AuthService.swift */; };
		B03C1B1E25017E75003B3688 /* AppDelegate.swift in Sources */ = {isa = PBXBuildFile; fileRef = B03C1B1D25017E75003B3688 /* AppDelegate.swift */; };
		B03C1B2025017E75003B3688 /* SceneDelegate.swift in Sources */ = {isa = PBXBuildFile; fileRef = B03C1B1F25017E75003B3688 /* SceneDelegate.swift */; };
		B03C1B2225017E75003B3688 /* AuthViewController.swift in Sources */ = {isa = PBXBuildFile; fileRef = B03C1B2125017E75003B3688 /* AuthViewController.swift */; };
		B03C1B2725017E76003B3688 /* Assets.xcassets in Resources */ = {isa = PBXBuildFile; fileRef = B03C1B2625017E76003B3688 /* Assets.xcassets */; };
		B03C1B2A25017E76003B3688 /* LaunchScreen.storyboard in Resources */ = {isa = PBXBuildFile; fileRef = B03C1B2825017E76003B3688 /* LaunchScreen.storyboard */; };
		B086529225029180000CE460 /* AuthViewController.storyboard in Resources */ = {isa = PBXBuildFile; fileRef = B086529125029180000CE460 /* AuthViewController.storyboard */; };
/* End PBXBuildFile section */

/* Begin PBXCopyFilesBuildPhase section */
		B01E9D0C25028B3B00E6F595 /* Embed Frameworks */ = {
			isa = PBXCopyFilesBuildPhase;
			buildActionMask = 2147483647;
			dstPath = "";
			dstSubfolderSpec = 10;
			files = (
				B01E9D0B25028B3B00E6F595 /* VKSdkFramework.framework in Embed Frameworks */,
			);
			name = "Embed Frameworks";
			runOnlyForDeploymentPostprocessing = 0;
		};
/* End PBXCopyFilesBuildPhase section */

/* Begin PBXFileReference section */
		1742A2252ABDBE3E00E2DA07 /* NewsfeedPresenter.swift */ = {isa = PBXFileReference; lastKnownFileType = sourcecode.swift; path = NewsfeedPresenter.swift; sourceTree = "<group>"; };
		1742A2262ABDBE3E00E2DA07 /* NewsfeedWorker.swift */ = {isa = PBXFileReference; lastKnownFileType = sourcecode.swift; path = NewsfeedWorker.swift; sourceTree = "<group>"; };
		1742A2272ABDBE3E00E2DA07 /* NewsfeedRouter.swift */ = {isa = PBXFileReference; lastKnownFileType = sourcecode.swift; path = NewsfeedRouter.swift; sourceTree = "<group>"; };
		1742A2282ABDBE3E00E2DA07 /* NewsfeedModels.swift */ = {isa = PBXFileReference; lastKnownFileType = sourcecode.swift; path = NewsfeedModels.swift; sourceTree = "<group>"; };
		1742A2292ABDBE3E00E2DA07 /* NewsfeedViewController.swift */ = {isa = PBXFileReference; lastKnownFileType = sourcecode.swift; path = NewsfeedViewController.swift; sourceTree = "<group>"; };
		1742A22A2ABDBE3E00E2DA07 /* NewsfeedInteractor.swift */ = {isa = PBXFileReference; lastKnownFileType = sourcecode.swift; path = NewsfeedInteractor.swift; sourceTree = "<group>"; };
		1742A23E2ABDC88700E2DA07 /* NewsfeedViewController.storyboard */ = {isa = PBXFileReference; lastKnownFileType = file.storyboard; path = NewsfeedViewController.storyboard; sourceTree = "<group>"; };
		1742A2412ABDD34600E2DA07 /* NewsfeedCell.swift */ = {isa = PBXFileReference; lastKnownFileType = sourcecode.swift; path = NewsfeedCell.swift; sourceTree = "<group>"; };
		1742A2432ABDD41A00E2DA07 /* NewsfeedCell.xib */ = {isa = PBXFileReference; lastKnownFileType = file.xib; path = NewsfeedCell.xib; sourceTree = "<group>"; };
		177368A02ABC96E5008F85EB /* NetworkDataFetcher.swift */ = {isa = PBXFileReference; fileEncoding = 4; lastKnownFileType = sourcecode.swift; path = NetworkDataFetcher.swift; sourceTree = "<group>"; };
		177368A12ABC96E5008F85EB /* NetworkService.swift */ = {isa = PBXFileReference; fileEncoding = 4; lastKnownFileType = sourcecode.swift; path = NetworkService.swift; sourceTree = "<group>"; };
		177368A62ABC9738008F85EB /* API.swift */ = {isa = PBXFileReference; fileEncoding = 4; lastKnownFileType = sourcecode.swift; path = API.swift; sourceTree = "<group>"; };
		177368AD2ABC97FF008F85EB /* FeedResponse.swift */ = {isa = PBXFileReference; lastKnownFileType = sourcecode.swift; path = FeedResponse.swift; sourceTree = "<group>"; };
		1781699D2AC4577700169757 /* NewsfeedCodeCell.swift */ = {isa = PBXFileReference; lastKnownFileType = sourcecode.swift; path = NewsfeedCodeCell.swift; sourceTree = "<group>"; };
		1781699F2AC45FD100169757 /* Constraints.swift */ = {isa = PBXFileReference; lastKnownFileType = sourcecode.swift; path = Constraints.swift; sourceTree = "<group>"; };
		178169A12AC47B9000169757 /* Constants.swift */ = {isa = PBXFileReference; lastKnownFileType = sourcecode.swift; path = Constants.swift; sourceTree = "<group>"; };
		178169A72AC47E3E00169757 /* SF-Pro-Text-Regular.otf */ = {isa = PBXFileReference; lastKnownFileType = file; path = "SF-Pro-Text-Regular.otf"; sourceTree = "<group>"; };
		178169A92AC47E4A00169757 /* SF-Pro-Text-Medium.otf */ = {isa = PBXFileReference; lastKnownFileType = file; path = "SF-Pro-Text-Medium.otf"; sourceTree = "<group>"; };
		17A3FEA02ABE23C6005F0DB9 /* WebImageView.swift */ = {isa = PBXFileReference; lastKnownFileType = sourcecode.swift; path = WebImageView.swift; sourceTree = "<group>"; };
		17A3FEA22ABF2BEB005F0DB9 /* NewsfeedCellLayoutCalculator.swift */ = {isa = PBXFileReference; lastKnownFileType = sourcecode.swift; path = NewsfeedCellLayoutCalculator.swift; sourceTree = "<group>"; };
		17A3FEA42ABF38C7005F0DB9 /* String + Height.swift */ = {isa = PBXFileReference; lastKnownFileType = sourcecode.swift; path = "String + Height.swift"; sourceTree = "<group>"; };
		B01E9D0925028B3B00E6F595 /* VKSdkFramework.framework */ = {isa = PBXFileReference; lastKnownFileType = wrapper.framework; name = VKSdkFramework.framework; path = Carthage/Build/iOS/VKSdkFramework.framework; sourceTree = "<group>"; };
		B01E9D0D25028DCE00E6F595 /* AuthService.swift */ = {isa = PBXFileReference; lastKnownFileType = sourcecode.swift; path = AuthService.swift; sourceTree = "<group>"; };
		B03C1B1A25017E75003B3688 /* VK.app */ = {isa = PBXFileReference; explicitFileType = wrapper.application; includeInIndex = 0; path = VK.app; sourceTree = BUILT_PRODUCTS_DIR; };
		B03C1B1D25017E75003B3688 /* AppDelegate.swift */ = {isa = PBXFileReference; lastKnownFileType = sourcecode.swift; path = AppDelegate.swift; sourceTree = "<group>"; };
		B03C1B1F25017E75003B3688 /* SceneDelegate.swift */ = {isa = PBXFileReference; lastKnownFileType = sourcecode.swift; path = SceneDelegate.swift; sourceTree = "<group>"; };
		B03C1B2125017E75003B3688 /* AuthViewController.swift */ = {isa = PBXFileReference; lastKnownFileType = sourcecode.swift; path = AuthViewController.swift; sourceTree = "<group>"; };
		B03C1B2625017E76003B3688 /* Assets.xcassets */ = {isa = PBXFileReference; lastKnownFileType = folder.assetcatalog; path = Assets.xcassets; sourceTree = "<group>"; };
		B03C1B2925017E76003B3688 /* Base */ = {isa = PBXFileReference; lastKnownFileType = file.storyboard; name = Base; path = Base.lproj/LaunchScreen.storyboard; sourceTree = "<group>"; };
		B03C1B2B25017E76003B3688 /* Info.plist */ = {isa = PBXFileReference; lastKnownFileType = text.plist.xml; path = Info.plist; sourceTree = "<group>"; };
		B086529125029180000CE460 /* AuthViewController.storyboard */ = {isa = PBXFileReference; lastKnownFileType = file.storyboard; path = AuthViewController.storyboard; sourceTree = "<group>"; };
/* End PBXFileReference section */

/* Begin PBXFrameworksBuildPhase section */
		B03C1B1725017E75003B3688 /* Frameworks */ = {
			isa = PBXFrameworksBuildPhase;
			buildActionMask = 2147483647;
			files = (
				B01E9D0A25028B3B00E6F595 /* VKSdkFramework.framework in Frameworks */,
			);
			runOnlyForDeploymentPostprocessing = 0;
		};
/* End PBXFrameworksBuildPhase section */

/* Begin PBXGroup section */
		1742A2242ABDBD6900E2DA07 /* Newsfeed */ = {
			isa = PBXGroup;
			children = (
				1742A2402ABDD33400E2DA07 /* Cell */,
				1742A2292ABDBE3E00E2DA07 /* NewsfeedViewController.swift */,
				1742A23E2ABDC88700E2DA07 /* NewsfeedViewController.storyboard */,
				1742A22A2ABDBE3E00E2DA07 /* NewsfeedInteractor.swift */,
				1742A2252ABDBE3E00E2DA07 /* NewsfeedPresenter.swift */,
				1742A2282ABDBE3E00E2DA07 /* NewsfeedModels.swift */,
				1742A2262ABDBE3E00E2DA07 /* NewsfeedWorker.swift */,
				1742A2272ABDBE3E00E2DA07 /* NewsfeedRouter.swift */,
			);
			path = Newsfeed;
			sourceTree = "<group>";
		};
		1742A2402ABDD33400E2DA07 /* Cell */ = {
			isa = PBXGroup;
			children = (
				1742A2412ABDD34600E2DA07 /* NewsfeedCell.swift */,
				1742A2432ABDD41A00E2DA07 /* NewsfeedCell.xib */,
				17A3FEA22ABF2BEB005F0DB9 /* NewsfeedCellLayoutCalculator.swift */,
				178169A12AC47B9000169757 /* Constants.swift */,
				1781699D2AC4577700169757 /* NewsfeedCodeCell.swift */,
			);
			path = Cell;
			sourceTree = "<group>";
		};
		177368AF2ABC981A008F85EB /* Models */ = {
			isa = PBXGroup;
			children = (
				177368AD2ABC97FF008F85EB /* FeedResponse.swift */,
			);
			path = Models;
			sourceTree = "<group>";
		};
		178169AB2AC47E7200169757 /* Fount */ = {
			isa = PBXGroup;
			children = (
				178169A72AC47E3E00169757 /* SF-Pro-Text-Regular.otf */,
				178169A92AC47E4A00169757 /* SF-Pro-Text-Medium.otf */,
			);
			path = Fount;
			sourceTree = "<group>";
		};
		17A3FE9F2ABE237D005F0DB9 /* Helpers */ = {
			isa = PBXGroup;
			children = (
				17A3FEA02ABE23C6005F0DB9 /* WebImageView.swift */,
				17A3FEA42ABF38C7005F0DB9 /* String + Height.swift */,
				1781699F2AC45FD100169757 /* Constraints.swift */,
			);
			path = Helpers;
			sourceTree = "<group>";
		};
		B01E9D0825028B3B00E6F595 /* Frameworks */ = {
			isa = PBXGroup;
			children = (
				B01E9D0925028B3B00E6F595 /* VKSdkFramework.framework */,
			);
			name = Frameworks;
			sourceTree = "<group>";
		};
		B01E9D0F25028DDA00E6F595 /* Services */ = {
			isa = PBXGroup;
			children = (
				177368A02ABC96E5008F85EB /* NetworkDataFetcher.swift */,
				177368AF2ABC981A008F85EB /* Models */,
				177368A12ABC96E5008F85EB /* NetworkService.swift */,
				177368A62ABC9738008F85EB /* API.swift */,
				B01E9D0D25028DCE00E6F595 /* AuthService.swift */,
			);
			path = Services;
			sourceTree = "<group>";
		};
		B03C1B1125017E75003B3688 = {
			isa = PBXGroup;
			children = (
				B03C1B1C25017E75003B3688 /* VK */,
				B03C1B1B25017E75003B3688 /* Products */,
				B01E9D0825028B3B00E6F595 /* Frameworks */,
			);
			sourceTree = "<group>";
		};
		B03C1B1B25017E75003B3688 /* Products */ = {
			isa = PBXGroup;
			children = (
				B03C1B1A25017E75003B3688 /* VK.app */,
			);
			name = Products;
			sourceTree = "<group>";
		};
		B03C1B1C25017E75003B3688 /* VK */ = {
			isa = PBXGroup;
			children = (
				B03C1B1D25017E75003B3688 /* AppDelegate.swift */,
				B03C1B1F25017E75003B3688 /* SceneDelegate.swift */,
				B01E9D0F25028DDA00E6F595 /* Services */,
				1742A2242ABDBD6900E2DA07 /* Newsfeed */,
				17A3FE9F2ABE237D005F0DB9 /* Helpers */,
				B08652982502ADD0000CE460 /* AuthViewController */,
				B03C1B2625017E76003B3688 /* Assets.xcassets */,
				178169AB2AC47E7200169757 /* Fount */,
				B03C1B2825017E76003B3688 /* LaunchScreen.storyboard */,
				B03C1B2B25017E76003B3688 /* Info.plist */,
			);
			path = VK;
			sourceTree = "<group>";
		};
		B08652982502ADD0000CE460 /* AuthViewController */ = {
			isa = PBXGroup;
			children = (
				B03C1B2125017E75003B3688 /* AuthViewController.swift */,
				B086529125029180000CE460 /* AuthViewController.storyboard */,
			);
			path = AuthViewController;
			sourceTree = "<group>";
		};
/* End PBXGroup section */

/* Begin PBXNativeTarget section */
		B03C1B1925017E75003B3688 /* VK */ = {
			isa = PBXNativeTarget;
			buildConfigurationList = B03C1B2E25017E76003B3688 /* Build configuration list for PBXNativeTarget "VK" */;
			buildPhases = (
				B03C1B1625017E75003B3688 /* Sources */,
				B03C1B1725017E75003B3688 /* Frameworks */,
				B03C1B1825017E75003B3688 /* Resources */,
				B0A8349625018CF1009698E5 /* ShellScript */,
				B01E9D0C25028B3B00E6F595 /* Embed Frameworks */,
			);
			buildRules = (
			);
			dependencies = (
			);
			name = VK;
			productName = VK;
			productReference = B03C1B1A25017E75003B3688 /* VK.app */;
			productType = "com.apple.product-type.application";
		};
/* End PBXNativeTarget section */

/* Begin PBXProject section */
		B03C1B1225017E75003B3688 /* Project object */ = {
			isa = PBXProject;
			attributes = {
				LastSwiftUpdateCheck = 1130;
				LastUpgradeCheck = 1130;
				ORGANIZATIONNAME = NasybullinSergei;
				TargetAttributes = {
					B03C1B1925017E75003B3688 = {
						CreatedOnToolsVersion = 11.3.1;
					};
				};
			};
			buildConfigurationList = B03C1B1525017E75003B3688 /* Build configuration list for PBXProject "VK" */;
			compatibilityVersion = "Xcode 9.3";
			developmentRegion = en;
			hasScannedForEncodings = 0;
			knownRegions = (
				en,
				Base,
			);
			mainGroup = B03C1B1125017E75003B3688;
			productRefGroup = B03C1B1B25017E75003B3688 /* Products */;
			projectDirPath = "";
			projectRoot = "";
			targets = (
				B03C1B1925017E75003B3688 /* VK */,
			);
		};
/* End PBXProject section */

/* Begin PBXResourcesBuildPhase section */
		B03C1B1825017E75003B3688 /* Resources */ = {
			isa = PBXResourcesBuildPhase;
			buildActionMask = 2147483647;
			files = (
				178169A82AC47E3E00169757 /* SF-Pro-Text-Regular.otf in Resources */,
				B03C1B2A25017E76003B3688 /* LaunchScreen.storyboard in Resources */,
				1742A23F2ABDC88700E2DA07 /* NewsfeedViewController.storyboard in Resources */,
				B086529225029180000CE460 /* AuthViewController.storyboard in Resources */,
				B03C1B2725017E76003B3688 /* Assets.xcassets in Resources */,
				178169AA2AC47E4A00169757 /* SF-Pro-Text-Medium.otf in Resources */,
				1742A2442ABDD41A00E2DA07 /* NewsfeedCell.xib in Resources */,
			);
			runOnlyForDeploymentPostprocessing = 0;
		};
/* End PBXResourcesBuildPhase section */

/* Begin PBXShellScriptBuildPhase section */
		B0A8349625018CF1009698E5 /* ShellScript */ = {
			isa = PBXShellScriptBuildPhase;
			buildActionMask = 2147483647;
			files = (
			);
			inputFileListPaths = (
			);
			inputPaths = (
				"$(SRCROOT)/Carthage/Build/iOS/VKSdkFramework.framework",
			);
			outputFileListPaths = (
			);
			outputPaths = (
			);
			runOnlyForDeploymentPostprocessing = 0;
			shellPath = /bin/sh;
			shellScript = "/usr/local/bin/carthage copy-frameworks\n";
		};
/* End PBXShellScriptBuildPhase section */

/* Begin PBXSourcesBuildPhase section */
		B03C1B1625017E75003B3688 /* Sources */ = {
			isa = PBXSourcesBuildPhase;
			buildActionMask = 2147483647;
			files = (
				177368A32ABC96E5008F85EB /* NetworkDataFetcher.swift in Sources */,
				17A3FEA52ABF38C7005F0DB9 /* String + Height.swift in Sources */,
				1742A22F2ABDBE3E00E2DA07 /* NewsfeedViewController.swift in Sources */,
				B03C1B2225017E75003B3688 /* AuthViewController.swift in Sources */,
				B03C1B1E25017E75003B3688 /* AppDelegate.swift in Sources */,
				1742A22B2ABDBE3E00E2DA07 /* NewsfeedPresenter.swift in Sources */,
				1742A22D2ABDBE3E00E2DA07 /* NewsfeedRouter.swift in Sources */,
				B03C1B2025017E75003B3688 /* SceneDelegate.swift in Sources */,
				B01E9D0E25028DCE00E6F595 /* AuthService.swift in Sources */,
				1742A22E2ABDBE3E00E2DA07 /* NewsfeedModels.swift in Sources */,
				17A3FEA32ABF2BEB005F0DB9 /* NewsfeedCellLayoutCalculator.swift in Sources */,
				178169A22AC47B9000169757 /* Constants.swift in Sources */,
				1781699E2AC4577800169757 /* NewsfeedCodeCell.swift in Sources */,
				178169A02AC45FD100169757 /* Constraints.swift in Sources */,
				17A3FEA12ABE23C6005F0DB9 /* WebImageView.swift in Sources */,
				177368A72ABC9738008F85EB /* API.swift in Sources */,
				1742A22C2ABDBE3E00E2DA07 /* NewsfeedWorker.swift in Sources */,
				177368AE2ABC97FF008F85EB /* FeedResponse.swift in Sources */,
				177368A42ABC96E5008F85EB /* NetworkService.swift in Sources */,
				1742A2422ABDD34600E2DA07 /* NewsfeedCell.swift in Sources */,
				1742A2302ABDBE3E00E2DA07 /* NewsfeedInteractor.swift in Sources */,
			);
			runOnlyForDeploymentPostprocessing = 0;
		};
/* End PBXSourcesBuildPhase section */

/* Begin PBXVariantGroup section */
		B03C1B2825017E76003B3688 /* LaunchScreen.storyboard */ = {
			isa = PBXVariantGroup;
			children = (
				B03C1B2925017E76003B3688 /* Base */,
			);
			name = LaunchScreen.storyboard;
			sourceTree = "<group>";
		};
/* End PBXVariantGroup section */

/* Begin XCBuildConfiguration section */
		B03C1B2C25017E76003B3688 /* Debug */ = {
			isa = XCBuildConfiguration;
			buildSettings = {
				ALWAYS_SEARCH_USER_PATHS = NO;
				CLANG_ANALYZER_NONNULL = YES;
				CLANG_ANALYZER_NUMBER_OBJECT_CONVERSION = YES_AGGRESSIVE;
				CLANG_CXX_LANGUAGE_STANDARD = "gnu++14";
				CLANG_CXX_LIBRARY = "libc++";
				CLANG_ENABLE_MODULES = YES;
				CLANG_ENABLE_OBJC_ARC = YES;
				CLANG_ENABLE_OBJC_WEAK = YES;
				CLANG_WARN_BLOCK_CAPTURE_AUTORELEASING = YES;
				CLANG_WARN_BOOL_CONVERSION = YES;
				CLANG_WARN_COMMA = YES;
				CLANG_WARN_CONSTANT_CONVERSION = YES;
				CLANG_WARN_DEPRECATED_OBJC_IMPLEMENTATIONS = YES;
				CLANG_WARN_DIRECT_OBJC_ISA_USAGE = YES_ERROR;
				CLANG_WARN_DOCUMENTATION_COMMENTS = YES;
				CLANG_WARN_EMPTY_BODY = YES;
				CLANG_WARN_ENUM_CONVERSION = YES;
				CLANG_WARN_INFINITE_RECURSION = YES;
				CLANG_WARN_INT_CONVERSION = YES;
				CLANG_WARN_NON_LITERAL_NULL_CONVERSION = YES;
				CLANG_WARN_OBJC_IMPLICIT_RETAIN_SELF = YES;
				CLANG_WARN_OBJC_LITERAL_CONVERSION = YES;
				CLANG_WARN_OBJC_ROOT_CLASS = YES_ERROR;
				CLANG_WARN_RANGE_LOOP_ANALYSIS = YES;
				CLANG_WARN_STRICT_PROTOTYPES = YES;
				CLANG_WARN_SUSPICIOUS_MOVE = YES;
				CLANG_WARN_UNGUARDED_AVAILABILITY = YES_AGGRESSIVE;
				CLANG_WARN_UNREACHABLE_CODE = YES;
				CLANG_WARN__DUPLICATE_METHOD_MATCH = YES;
				COPY_PHASE_STRIP = NO;
				DEBUG_INFORMATION_FORMAT = dwarf;
				ENABLE_STRICT_OBJC_MSGSEND = YES;
				ENABLE_TESTABILITY = YES;
				GCC_C_LANGUAGE_STANDARD = gnu11;
				GCC_DYNAMIC_NO_PIC = NO;
				GCC_NO_COMMON_BLOCKS = YES;
				GCC_OPTIMIZATION_LEVEL = 0;
				GCC_PREPROCESSOR_DEFINITIONS = (
					"DEBUG=1",
					"$(inherited)",
				);
				GCC_WARN_64_TO_32_BIT_CONVERSION = YES;
				GCC_WARN_ABOUT_RETURN_TYPE = YES_ERROR;
				GCC_WARN_UNDECLARED_SELECTOR = YES;
				GCC_WARN_UNINITIALIZED_AUTOS = YES_AGGRESSIVE;
				GCC_WARN_UNUSED_FUNCTION = YES;
				GCC_WARN_UNUSED_VARIABLE = YES;
				IPHONEOS_DEPLOYMENT_TARGET = 13.2;
				MTL_ENABLE_DEBUG_INFO = INCLUDE_SOURCE;
				MTL_FAST_MATH = YES;
				ONLY_ACTIVE_ARCH = YES;
				SDKROOT = iphoneos;
				SWIFT_ACTIVE_COMPILATION_CONDITIONS = DEBUG;
				SWIFT_OPTIMIZATION_LEVEL = "-Onone";
			};
			name = Debug;
		};
		B03C1B2D25017E76003B3688 /* Release */ = {
			isa = XCBuildConfiguration;
			buildSettings = {
				ALWAYS_SEARCH_USER_PATHS = NO;
				CLANG_ANALYZER_NONNULL = YES;
				CLANG_ANALYZER_NUMBER_OBJECT_CONVERSION = YES_AGGRESSIVE;
				CLANG_CXX_LANGUAGE_STANDARD = "gnu++14";
				CLANG_CXX_LIBRARY = "libc++";
				CLANG_ENABLE_MODULES = YES;
				CLANG_ENABLE_OBJC_ARC = YES;
				CLANG_ENABLE_OBJC_WEAK = YES;
				CLANG_WARN_BLOCK_CAPTURE_AUTORELEASING = YES;
				CLANG_WARN_BOOL_CONVERSION = YES;
				CLANG_WARN_COMMA = YES;
				CLANG_WARN_CONSTANT_CONVERSION = YES;
				CLANG_WARN_DEPRECATED_OBJC_IMPLEMENTATIONS = YES;
				CLANG_WARN_DIRECT_OBJC_ISA_USAGE = YES_ERROR;
				CLANG_WARN_DOCUMENTATION_COMMENTS = YES;
				CLANG_WARN_EMPTY_BODY = YES;
				CLANG_WARN_ENUM_CONVERSION = YES;
				CLANG_WARN_INFINITE_RECURSION = YES;
				CLANG_WARN_INT_CONVERSION = YES;
				CLANG_WARN_NON_LITERAL_NULL_CONVERSION = YES;
				CLANG_WARN_OBJC_IMPLICIT_RETAIN_SELF = YES;
				CLANG_WARN_OBJC_LITERAL_CONVERSION = YES;
				CLANG_WARN_OBJC_ROOT_CLASS = YES_ERROR;
				CLANG_WARN_RANGE_LOOP_ANALYSIS = YES;
				CLANG_WARN_STRICT_PROTOTYPES = YES;
				CLANG_WARN_SUSPICIOUS_MOVE = YES;
				CLANG_WARN_UNGUARDED_AVAILABILITY = YES_AGGRESSIVE;
				CLANG_WARN_UNREACHABLE_CODE = YES;
				CLANG_WARN__DUPLICATE_METHOD_MATCH = YES;
				COPY_PHASE_STRIP = NO;
				DEBUG_INFORMATION_FORMAT = "dwarf-with-dsym";
				ENABLE_NS_ASSERTIONS = NO;
				ENABLE_STRICT_OBJC_MSGSEND = YES;
				GCC_C_LANGUAGE_STANDARD = gnu11;
				GCC_NO_COMMON_BLOCKS = YES;
				GCC_WARN_64_TO_32_BIT_CONVERSION = YES;
				GCC_WARN_ABOUT_RETURN_TYPE = YES_ERROR;
				GCC_WARN_UNDECLARED_SELECTOR = YES;
				GCC_WARN_UNINITIALIZED_AUTOS = YES_AGGRESSIVE;
				GCC_WARN_UNUSED_FUNCTION = YES;
				GCC_WARN_UNUSED_VARIABLE = YES;
				IPHONEOS_DEPLOYMENT_TARGET = 13.2;
				MTL_ENABLE_DEBUG_INFO = NO;
				MTL_FAST_MATH = YES;
				SDKROOT = iphoneos;
				SWIFT_COMPILATION_MODE = wholemodule;
				SWIFT_OPTIMIZATION_LEVEL = "-O";
				VALIDATE_PRODUCT = YES;
			};
			name = Release;
		};
		B03C1B2F25017E76003B3688 /* Debug */ = {
			isa = XCBuildConfiguration;
			buildSettings = {
				ASSETCATALOG_COMPILER_APPICON_NAME = AppIcon;
				CODE_SIGN_STYLE = Automatic;
				DEVELOPMENT_TEAM = VJ7AN5PN54;
				FRAMEWORK_SEARCH_PATHS = (
					"$(inherited)",
					"$(PROJECT_DIR)/Carthage/Build/iOS",
				);
				INFOPLIST_FILE = VK/Info.plist;
				INFOPLIST_KEY_CFBundleDisplayName = "VK Serfodi";
				LD_RUNPATH_SEARCH_PATHS = (
					"$(inherited)",
					"@executable_path/Frameworks",
				);
				PRODUCT_BUNDLE_IDENTIFIER = com.Serfodi.VKSerfodi;
				PRODUCT_NAME = "$(TARGET_NAME)";
				SUPPORTED_PLATFORMS = "iphoneos iphonesimulator";
				SUPPORTS_MACCATALYST = NO;
				SUPPORTS_MAC_DESIGNED_FOR_IPHONE_IPAD = NO;
				SWIFT_VERSION = 5.0;
				TARGETED_DEVICE_FAMILY = 1;
			};
			name = Debug;
		};
		B03C1B3025017E76003B3688 /* Release */ = {
			isa = XCBuildConfiguration;
			buildSettings = {
				ASSETCATALOG_COMPILER_APPICON_NAME = AppIcon;
				CODE_SIGN_STYLE = Automatic;
				DEVELOPMENT_TEAM = VJ7AN5PN54;
				FRAMEWORK_SEARCH_PATHS = (
					"$(inherited)",
					"$(PROJECT_DIR)/Carthage/Build/iOS",
				);
				INFOPLIST_FILE = VK/Info.plist;
				INFOPLIST_KEY_CFBundleDisplayName = "VK Serfodi";
				LD_RUNPATH_SEARCH_PATHS = (
					"$(inherited)",
					"@executable_path/Frameworks",
				);
				PRODUCT_BUNDLE_IDENTIFIER = com.Serfodi.VKSerfodi;
				PRODUCT_NAME = "$(TARGET_NAME)";
				SUPPORTED_PLATFORMS = "iphoneos iphonesimulator";
				SUPPORTS_MACCATALYST = NO;
				SUPPORTS_MAC_DESIGNED_FOR_IPHONE_IPAD = NO;
				SWIFT_VERSION = 5.0;
				TARGETED_DEVICE_FAMILY = 1;
			};
			name = Release;
		};
/* End XCBuildConfiguration section */

/* Begin XCConfigurationList section */
		B03C1B1525017E75003B3688 /* Build configuration list for PBXProject "VK" */ = {
			isa = XCConfigurationList;
			buildConfigurations = (
				B03C1B2C25017E76003B3688 /* Debug */,
				B03C1B2D25017E76003B3688 /* Release */,
			);
			defaultConfigurationIsVisible = 0;
			defaultConfigurationName = Release;
		};
		B03C1B2E25017E76003B3688 /* Build configuration list for PBXNativeTarget "VK" */ = {
			isa = XCConfigurationList;
			buildConfigurations = (
				B03C1B2F25017E76003B3688 /* Debug */,
				B03C1B3025017E76003B3688 /* Release */,
			);
			defaultConfigurationIsVisible = 0;
			defaultConfigurationName = Release;
		};
/* End XCConfigurationList section */
	};
	rootObject = B03C1B1225017E75003B3688 /* Project object */;
}
